
Microsoft Visual Studio Solution File, Format Version 12.00
# Visual Studio Version 17
VisualStudioVersion = 17.14.36511.14 d17.14
MinimumVisualStudioVersion = 10.0.40219.1
Project("{FAE04EC0-301F-11D3-BF4B-00C04F79EFBC}") = "Lab1", "Lab1.csproj", "{43D1C7DD-F7D6-4176-8F35-AB24876F1B88}"
EndProject
Global
	GlobalSection(SolutionConfigurationPlatforms) = preSolution
		Debug|Any CPU = Debug|Any CPU
		Release|Any CPU = Release|Any CPU
	EndGlobalSection
	GlobalSection(ProjectConfigurationPlatforms) = postSolution
		{43D1C7DD-F7D6-4176-8F35-AB24876F1B88}.Debug|Any CPU.ActiveCfg = Debug|Any CPU
		{43D1C7DD-F7D6-4176-8F35-AB24876F1B88}.Debug|Any CPU.Build.0 = Debug|Any CPU
		{43D1C7DD-F7D6-4176-8F35-AB24876F1B88}.Release|Any CPU.ActiveCfg = Release|Any CPU
		{43D1C7DD-F7D6-4176-8F35-AB24876F1B88}.Release|Any CPU.Build.0 = Release|Any CPU
	EndGlobalSection
	GlobalSection(SolutionProperties) = preSolution
		HideSolutionNode = FALSE
	EndGlobalSection
	GlobalSection(ExtensibilityGlobals) = postSolution
		SolutionGuid = {176107C6-A7C6-4558-AC06-4FA2B2315779}
	EndGlobalSection
EndGlobal
